
Microsoft Visual Studio Solution File, Format Version 12.00
# Visual Studio 2015
Project("{FAE04EC0-301F-11D3-BF4B-00C04F79EFBC}") = "YashSoni_Project5", "YashSoni_Project5.csproj", "{FA6DB4DF-8696-1BB1-A011-E0EB501823AF}"
EndProject
Project("{FAE04EC0-301F-11D3-BF4B-00C04F79EFBC}") = "YashSoni_Project5.Editor", "YashSoni_Project5.Editor.csproj", "{09FAC55E-014F-FD21-937C-E1E946014980}"
EndProject
Global
	GlobalSection(SolutionConfigurationPlatforms) = preSolution
		Debug|Any CPU = Debug|Any CPU
		Release|Any CPU = Release|Any CPU
	EndGlobalSection
	GlobalSection(ProjectConfigurationPlatforms) = postSolution
		{FA6DB4DF-8696-1BB1-A011-E0EB501823AF}.Debug|Any CPU.ActiveCfg = Debug|Any CPU
		{FA6DB4DF-8696-1BB1-A011-E0EB501823AF}.Debug|Any CPU.Build.0 = Debug|Any CPU
		{FA6DB4DF-8696-1BB1-A011-E0EB501823AF}.Release|Any CPU.ActiveCfg = Release|Any CPU
		{FA6DB4DF-8696-1BB1-A011-E0EB501823AF}.Release|Any CPU.Build.0 = Release|Any CPU
		{09FAC55E-014F-FD21-937C-E1E946014980}.Debug|Any CPU.ActiveCfg = Debug|Any CPU
		{09FAC55E-014F-FD21-937C-E1E946014980}.Debug|Any CPU.Build.0 = Debug|Any CPU
		{09FAC55E-014F-FD21-937C-E1E946014980}.Release|Any CPU.ActiveCfg = Release|Any CPU
		{09FAC55E-014F-FD21-937C-E1E946014980}.Release|Any CPU.Build.0 = Release|Any CPU
	EndGlobalSection
	GlobalSection(SolutionProperties) = preSolution
		HideSolutionNode = FALSE
	EndGlobalSection
EndGlobal
